
Microsoft Visual Studio Solution File, Format Version 12.00
# Visual Studio 2013
VisualStudioVersion = 12.0.31101.0
MinimumVisualStudioVersion = 10.0.40219.1
Project("{FAE04EC0-301F-11D3-BF4B-00C04F79EFBC}") = "PaquetesTuristicos", "PaquetesTuristicos\PaquetesTuristicos.csproj", "{C4F48045-2893-4A1B-BF5A-8BDD7B8C7043}"
EndProject
Project("{FAE04EC0-301F-11D3-BF4B-00C04F79EFBC}") = "Clases", "Clases\Clases.csproj", "{AC74282D-39EF-473C-B826-FEC136098862}"
EndProject
Global
	GlobalSection(SolutionConfigurationPlatforms) = preSolution
		Debug|Any CPU = Debug|Any CPU
		Release|Any CPU = Release|Any CPU
	EndGlobalSection
	GlobalSection(ProjectConfigurationPlatforms) = postSolution
		{C4F48045-2893-4A1B-BF5A-8BDD7B8C7043}.Debug|Any CPU.ActiveCfg = Debug|Any CPU
		{C4F48045-2893-4A1B-BF5A-8BDD7B8C7043}.Debug|Any CPU.Build.0 = Debug|Any CPU
		{C4F48045-2893-4A1B-BF5A-8BDD7B8C7043}.Release|Any CPU.ActiveCfg = Release|Any CPU
		{C4F48045-2893-4A1B-BF5A-8BDD7B8C7043}.Release|Any CPU.Build.0 = Release|Any CPU
		{AC74282D-39EF-473C-B826-FEC136098862}.Debug|Any CPU.ActiveCfg = Debug|Any CPU
		{AC74282D-39EF-473C-B826-FEC136098862}.Debug|Any CPU.Build.0 = Debug|Any CPU
		{AC74282D-39EF-473C-B826-FEC136098862}.Release|Any CPU.ActiveCfg = Release|Any CPU
		{AC74282D-39EF-473C-B826-FEC136098862}.Release|Any CPU.Build.0 = Release|Any CPU
	EndGlobalSection
	GlobalSection(SolutionProperties) = preSolution
		HideSolutionNode = FALSE
	EndGlobalSection
EndGlobal
